// !$*UTF8*$!
{
	archiveVersion = 1;
	classes = {
	};
	objectVersion = 50;
	objects = {

/* Begin PBXBuildFile section */
		8AF8954A2536BB0D007CFA5B /* round_filled@2x.png in Resources */ = {isa = PBXBuildFile; fileRef = 8AF895372536BB0D007CFA5B /* round_filled@2x.png */; };
		8AF8954B2536BB0D007CFA5B /* round_filled@3x.png in Resources */ = {isa = PBXBuildFile; fileRef = 8AF895382536BB0D007CFA5B /* round_filled@3x.png */; };
		8AF8954C2536BB0D007CFA5B /* unchecked_checkbox@2x.png in Resources */ = {isa = PBXBuildFile; fileRef = 8AF895392536BB0D007CFA5B /* unchecked_checkbox@2x.png */; };
		8AF8954D2536BB0D007CFA5B /* round_empty@3x.png in Resources */ = {isa = PBXBuildFile; fileRef = 8AF8953A2536BB0D007CFA5B /* round_empty@3x.png */; };
		8AF8954E2536BB0D007CFA5B /* round_empty@2x.png in Resources */ = {isa = PBXBuildFile; fileRef = 8AF8953B2536BB0D007CFA5B /* round_empty@2x.png */; };
		8AF8954F2536BB0D007CFA5B /* unchecked_checkbox@3x.png in Resources */ = {isa = PBXBuildFile; fileRef = 8AF8953C2536BB0D007CFA5B /* unchecked_checkbox@3x.png */; };
		8AF895502536BB0D007CFA5B /* checked_checkbox@2x.png in Resources */ = {isa = PBXBuildFile; fileRef = 8AF8953D2536BB0D007CFA5B /* checked_checkbox@2x.png */; };
		8AF895512536BB0D007CFA5B /* checked_checkbox@3x.png in Resources */ = {isa = PBXBuildFile; fileRef = 8AF8953E2536BB0D007CFA5B /* checked_checkbox@3x.png */; };
		8AF895522536BB0D007CFA5B /* ARTagFlowLayout.swift in Sources */ = {isa = PBXBuildFile; fileRef = 8AF895412536BB0D007CFA5B /* ARTagFlowLayout.swift */; };
		8AF895532536BB0D007CFA5B /* ARBasicConfiguration.swift in Sources */ = {isa = PBXBuildFile; fileRef = 8AF895422536BB0D007CFA5B /* ARBasicConfiguration.swift */; };
		8AF895542536BB0D007CFA5B /* Extension.swift in Sources */ = {isa = PBXBuildFile; fileRef = 8AF895432536BB0D007CFA5B /* Extension.swift */; };
		8AF895552536BB0D007CFA5B /* ARSelectModel.swift in Sources */ = {isa = PBXBuildFile; fileRef = 8AF895442536BB0D007CFA5B /* ARSelectModel.swift */; };
		8AF895562536BB0D007CFA5B /* ARSelectableCell.swift in Sources */ = {isa = PBXBuildFile; fileRef = 8AF895462536BB0D007CFA5B /* ARSelectableCell.swift */; };
		8AF895572536BB0D007CFA5B /* ARSelectionType.swift in Sources */ = {isa = PBXBuildFile; fileRef = 8AF895472536BB0D007CFA5B /* ARSelectionType.swift */; };
		8AF895582536BB0D007CFA5B /* ARSelectionView.swift in Sources */ = {isa = PBXBuildFile; fileRef = 8AF895482536BB0D007CFA5B /* ARSelectionView.swift */; };
		8AF895652536BCF7007CFA5B /* Assets.xcassets in Resources */ = {isa = PBXBuildFile; fileRef = 8AF8955B2536BCF7007CFA5B /* Assets.xcassets */; };
		8AF895662536BCF7007CFA5B /* LaunchScreen.storyboard in Resources */ = {isa = PBXBuildFile; fileRef = 8AF8955C2536BCF7007CFA5B /* LaunchScreen.storyboard */; };
		8AF895672536BCF7007CFA5B /* Main.storyboard in Resources */ = {isa = PBXBuildFile; fileRef = 8AF8955E2536BCF7007CFA5B /* Main.storyboard */; };
		8AF895682536BCF7007CFA5B /* ARSelectionViewController.swift in Sources */ = {isa = PBXBuildFile; fileRef = 8AF895612536BCF7007CFA5B /* ARSelectionViewController.swift */; };
		8AF895692536BCF7007CFA5B /* AppDelegate.swift in Sources */ = {isa = PBXBuildFile; fileRef = 8AF895622536BCF7007CFA5B /* AppDelegate.swift */; };
		8AF8956B2536BCF7007CFA5B /* SceneDelegate.swift in Sources */ = {isa = PBXBuildFile; fileRef = 8AF895642536BCF7007CFA5B /* SceneDelegate.swift */; };
/* End PBXBuildFile section */

/* Begin PBXFileReference section */
		8AC33A9E2535C09F00009EA5 /* ARSelectableView.app */ = {isa = PBXFileReference; explicitFileType = wrapper.application; includeInIndex = 0; path = ARSelectableView.app; sourceTree = BUILT_PRODUCTS_DIR; };
		8AF895352536BB0D007CFA5B /* ARSelectableView.h */ = {isa = PBXFileReference; fileEncoding = 4; lastKnownFileType = sourcecode.c.h; path = ARSelectableView.h; sourceTree = "<group>"; };
		8AF895372536BB0D007CFA5B /* round_filled@2x.png */ = {isa = PBXFileReference; lastKnownFileType = image.png; path = "round_filled@2x.png"; sourceTree = "<group>"; };
		8AF895382536BB0D007CFA5B /* round_filled@3x.png */ = {isa = PBXFileReference; lastKnownFileType = image.png; path = "round_filled@3x.png"; sourceTree = "<group>"; };
		8AF895392536BB0D007CFA5B /* unchecked_checkbox@2x.png */ = {isa = PBXFileReference; lastKnownFileType = image.png; path = "unchecked_checkbox@2x.png"; sourceTree = "<group>"; };
		8AF8953A2536BB0D007CFA5B /* round_empty@3x.png */ = {isa = PBXFileReference; lastKnownFileType = image.png; path = "round_empty@3x.png"; sourceTree = "<group>"; };
		8AF8953B2536BB0D007CFA5B /* round_empty@2x.png */ = {isa = PBXFileReference; lastKnownFileType = image.png; path = "round_empty@2x.png"; sourceTree = "<group>"; };
		8AF8953C2536BB0D007CFA5B /* unchecked_checkbox@3x.png */ = {isa = PBXFileReference; lastKnownFileType = image.png; path = "unchecked_checkbox@3x.png"; sourceTree = "<group>"; };
		8AF8953D2536BB0D007CFA5B /* checked_checkbox@2x.png */ = {isa = PBXFileReference; lastKnownFileType = image.png; path = "checked_checkbox@2x.png"; sourceTree = "<group>"; };
		8AF8953E2536BB0D007CFA5B /* checked_checkbox@3x.png */ = {isa = PBXFileReference; lastKnownFileType = image.png; path = "checked_checkbox@3x.png"; sourceTree = "<group>"; };
		8AF895412536BB0D007CFA5B /* ARTagFlowLayout.swift */ = {isa = PBXFileReference; fileEncoding = 4; lastKnownFileType = sourcecode.swift; path = ARTagFlowLayout.swift; sourceTree = "<group>"; };
		8AF895422536BB0D007CFA5B /* ARBasicConfiguration.swift */ = {isa = PBXFileReference; fileEncoding = 4; lastKnownFileType = sourcecode.swift; path = ARBasicConfiguration.swift; sourceTree = "<group>"; };
		8AF895432536BB0D007CFA5B /* Extension.swift */ = {isa = PBXFileReference; fileEncoding = 4; lastKnownFileType = sourcecode.swift; path = Extension.swift; sourceTree = "<group>"; };
		8AF895442536BB0D007CFA5B /* ARSelectModel.swift */ = {isa = PBXFileReference; fileEncoding = 4; lastKnownFileType = sourcecode.swift; path = ARSelectModel.swift; sourceTree = "<group>"; };
		8AF895462536BB0D007CFA5B /* ARSelectableCell.swift */ = {isa = PBXFileReference; fileEncoding = 4; lastKnownFileType = sourcecode.swift; path = ARSelectableCell.swift; sourceTree = "<group>"; };
		8AF895472536BB0D007CFA5B /* ARSelectionType.swift */ = {isa = PBXFileReference; fileEncoding = 4; lastKnownFileType = sourcecode.swift; path = ARSelectionType.swift; sourceTree = "<group>"; };
		8AF895482536BB0D007CFA5B /* ARSelectionView.swift */ = {isa = PBXFileReference; fileEncoding = 4; lastKnownFileType = sourcecode.swift; path = ARSelectionView.swift; sourceTree = "<group>"; };
		8AF8955B2536BCF7007CFA5B /* Assets.xcassets */ = {isa = PBXFileReference; lastKnownFileType = folder.assetcatalog; path = Assets.xcassets; sourceTree = "<group>"; };
		8AF8955D2536BCF7007CFA5B /* Base */ = {isa = PBXFileReference; lastKnownFileType = file.storyboard; name = Base; path = Base.lproj/LaunchScreen.storyboard; sourceTree = "<group>"; };
		8AF8955F2536BCF7007CFA5B /* Base */ = {isa = PBXFileReference; lastKnownFileType = file.storyboard; name = Base; path = Base.lproj/Main.storyboard; sourceTree = "<group>"; };
		8AF895612536BCF7007CFA5B /* ARSelectionViewController.swift */ = {isa = PBXFileReference; fileEncoding = 4; lastKnownFileType = sourcecode.swift; path = ARSelectionViewController.swift; sourceTree = "<group>"; };
		8AF895622536BCF7007CFA5B /* AppDelegate.swift */ = {isa = PBXFileReference; fileEncoding = 4; lastKnownFileType = sourcecode.swift; path = AppDelegate.swift; sourceTree = "<group>"; };
		8AF895642536BCF7007CFA5B /* SceneDelegate.swift */ = {isa = PBXFileReference; fileEncoding = 4; lastKnownFileType = sourcecode.swift; path = SceneDelegate.swift; sourceTree = "<group>"; };
		8AF8956D2536BF07007CFA5B /* Info.plist */ = {isa = PBXFileReference; fileEncoding = 4; lastKnownFileType = text.plist.xml; path = Info.plist; sourceTree = "<group>"; };
/* End PBXFileReference section */

/* Begin PBXFrameworksBuildPhase section */
		8AC33A9B2535C09F00009EA5 /* Frameworks */ = {
			isa = PBXFrameworksBuildPhase;
			buildActionMask = 2147483647;
			files = (
			);
			runOnlyForDeploymentPostprocessing = 0;
		};
/* End PBXFrameworksBuildPhase section */

/* Begin PBXGroup section */
		8AC33A952535C09F00009EA5 = {
			isa = PBXGroup;
			children = (
				8AF8955A2536BCF7007CFA5B /* Example */,
				8AF895342536BB0D007CFA5B /* ARSelectableView */,
				8AC33A9F2535C09F00009EA5 /* Products */,
			);
			sourceTree = "<group>";
		};
		8AC33A9F2535C09F00009EA5 /* Products */ = {
			isa = PBXGroup;
			children = (
				8AC33A9E2535C09F00009EA5 /* ARSelectableView.app */,
			);
			name = Products;
			sourceTree = "<group>";
		};
		8AF895342536BB0D007CFA5B /* ARSelectableView */ = {
			isa = PBXGroup;
			children = (
				8AF895352536BB0D007CFA5B /* ARSelectableView.h */,
				8AF895362536BB0D007CFA5B /* Images */,
				8AF8953F2536BB0D007CFA5B /* Classes */,
			);
			path = ARSelectableView;
			sourceTree = "<group>";
		};
		8AF895362536BB0D007CFA5B /* Images */ = {
			isa = PBXGroup;
			children = (
				8AF895372536BB0D007CFA5B /* round_filled@2x.png */,
				8AF895382536BB0D007CFA5B /* round_filled@3x.png */,
				8AF895392536BB0D007CFA5B /* unchecked_checkbox@2x.png */,
				8AF8953A2536BB0D007CFA5B /* round_empty@3x.png */,
				8AF8953B2536BB0D007CFA5B /* round_empty@2x.png */,
				8AF8953C2536BB0D007CFA5B /* unchecked_checkbox@3x.png */,
				8AF8953D2536BB0D007CFA5B /* checked_checkbox@2x.png */,
				8AF8953E2536BB0D007CFA5B /* checked_checkbox@3x.png */,
			);
			path = Images;
			sourceTree = "<group>";
		};
		8AF8953F2536BB0D007CFA5B /* Classes */ = {
			isa = PBXGroup;
			children = (
				8AF895402536BB0D007CFA5B /* Helper */,
				8AF895452536BB0D007CFA5B /* Base */,
			);
			path = Classes;
			sourceTree = "<group>";
		};
		8AF895402536BB0D007CFA5B /* Helper */ = {
			isa = PBXGroup;
			children = (
				8AF895412536BB0D007CFA5B /* ARTagFlowLayout.swift */,
				8AF895422536BB0D007CFA5B /* ARBasicConfiguration.swift */,
				8AF895432536BB0D007CFA5B /* Extension.swift */,
				8AF895442536BB0D007CFA5B /* ARSelectModel.swift */,
			);
			path = Helper;
			sourceTree = "<group>";
		};
		8AF895452536BB0D007CFA5B /* Base */ = {
			isa = PBXGroup;
			children = (
				8AF895462536BB0D007CFA5B /* ARSelectableCell.swift */,
				8AF895472536BB0D007CFA5B /* ARSelectionType.swift */,
				8AF895482536BB0D007CFA5B /* ARSelectionView.swift */,
			);
			path = Base;
			sourceTree = "<group>";
		};
		8AF8955A2536BCF7007CFA5B /* Example */ = {
			isa = PBXGroup;
			children = (
				8AF895622536BCF7007CFA5B /* AppDelegate.swift */,
				8AF895642536BCF7007CFA5B /* SceneDelegate.swift */,
				8AF895602536BCF7007CFA5B /* ViewControllers */,
				8AF8955B2536BCF7007CFA5B /* Assets.xcassets */,
				8AF8955C2536BCF7007CFA5B /* LaunchScreen.storyboard */,
				8AF8955E2536BCF7007CFA5B /* Main.storyboard */,
				8AF8956D2536BF07007CFA5B /* Info.plist */,
			);
			path = Example;
			sourceTree = "<group>";
		};
		8AF895602536BCF7007CFA5B /* ViewControllers */ = {
			isa = PBXGroup;
			children = (
				8AF895612536BCF7007CFA5B /* ARSelectionViewController.swift */,
			);
			path = ViewControllers;
			sourceTree = "<group>";
		};
/* End PBXGroup section */

/* Begin PBXNativeTarget section */
		8AC33A9D2535C09F00009EA5 /* ARSelectableView */ = {
			isa = PBXNativeTarget;
			buildConfigurationList = 8AC33AB22535C0A100009EA5 /* Build configuration list for PBXNativeTarget "ARSelectableView" */;
			buildPhases = (
				8AC33A9A2535C09F00009EA5 /* Sources */,
				8AC33A9B2535C09F00009EA5 /* Frameworks */,
				8AC33A9C2535C09F00009EA5 /* Resources */,
			);
			buildRules = (
			);
			dependencies = (
			);
			name = ARSelectableView;
			productName = ARSelectableView;
			productReference = 8AC33A9E2535C09F00009EA5 /* ARSelectableView.app */;
			productType = "com.apple.product-type.application";
		};
/* End PBXNativeTarget section */

/* Begin PBXProject section */
		8AC33A962535C09F00009EA5 /* Project object */ = {
			isa = PBXProject;
			attributes = {
				LastSwiftUpdateCheck = 1150;
				LastUpgradeCheck = 1420;
				ORGANIZATIONNAME = "Rohit Makwana";
				TargetAttributes = {
					8AC33A9D2535C09F00009EA5 = {
						CreatedOnToolsVersion = 11.5;
					};
				};
			};
			buildConfigurationList = 8AC33A992535C09F00009EA5 /* Build configuration list for PBXProject "ARSelectableView" */;
			compatibilityVersion = "Xcode 9.3";
			developmentRegion = en;
			hasScannedForEncodings = 0;
			knownRegions = (
				en,
				Base,
			);
			mainGroup = 8AC33A952535C09F00009EA5;
			productRefGroup = 8AC33A9F2535C09F00009EA5 /* Products */;
			projectDirPath = "";
			projectRoot = "";
			targets = (
				8AC33A9D2535C09F00009EA5 /* ARSelectableView */,
			);
		};
/* End PBXProject section */

/* Begin PBXResourcesBuildPhase section */
		8AC33A9C2535C09F00009EA5 /* Resources */ = {
			isa = PBXResourcesBuildPhase;
			buildActionMask = 2147483647;
			files = (
				8AF8954B2536BB0D007CFA5B /* round_filled@3x.png in Resources */,
				8AF8954A2536BB0D007CFA5B /* round_filled@2x.png in Resources */,
				8AF8954E2536BB0D007CFA5B /* round_empty@2x.png in Resources */,
				8AF895662536BCF7007CFA5B /* LaunchScreen.storyboard in Resources */,
				8AF8954F2536BB0D007CFA5B /* unchecked_checkbox@3x.png in Resources */,
				8AF895672536BCF7007CFA5B /* Main.storyboard in Resources */,
				8AF895502536BB0D007CFA5B /* checked_checkbox@2x.png in Resources */,
				8AF8954D2536BB0D007CFA5B /* round_empty@3x.png in Resources */,
				8AF895512536BB0D007CFA5B /* checked_checkbox@3x.png in Resources */,
				8AF895652536BCF7007CFA5B /* Assets.xcassets in Resources */,
				8AF8954C2536BB0D007CFA5B /* unchecked_checkbox@2x.png in Resources */,
			);
			runOnlyForDeploymentPostprocessing = 0;
		};
/* End PBXResourcesBuildPhase section */

/* Begin PBXSourcesBuildPhase section */
		8AC33A9A2535C09F00009EA5 /* Sources */ = {
			isa = PBXSourcesBuildPhase;
			buildActionMask = 2147483647;
			files = (
				8AF895562536BB0D007CFA5B /* ARSelectableCell.swift in Sources */,
				8AF895582536BB0D007CFA5B /* ARSelectionView.swift in Sources */,
				8AF895682536BCF7007CFA5B /* ARSelectionViewController.swift in Sources */,
				8AF895692536BCF7007CFA5B /* AppDelegate.swift in Sources */,
				8AF895522536BB0D007CFA5B /* ARTagFlowLayout.swift in Sources */,
				8AF8956B2536BCF7007CFA5B /* SceneDelegate.swift in Sources */,
				8AF895542536BB0D007CFA5B /* Extension.swift in Sources */,
				8AF895532536BB0D007CFA5B /* ARBasicConfiguration.swift in Sources */,
				8AF895572536BB0D007CFA5B /* ARSelectionType.swift in Sources */,
				8AF895552536BB0D007CFA5B /* ARSelectModel.swift in Sources */,
			);
			runOnlyForDeploymentPostprocessing = 0;
		};
/* End PBXSourcesBuildPhase section */

/* Begin PBXVariantGroup section */
		8AF8955C2536BCF7007CFA5B /* LaunchScreen.storyboard */ = {
			isa = PBXVariantGroup;
			children = (
				8AF8955D2536BCF7007CFA5B /* Base */,
			);
			name = LaunchScreen.storyboard;
			sourceTree = "<group>";
		};
		8AF8955E2536BCF7007CFA5B /* Main.storyboard */ = {
			isa = PBXVariantGroup;
			children = (
				8AF8955F2536BCF7007CFA5B /* Base */,
			);
			name = Main.storyboard;
			sourceTree = "<group>";
		};
/* End PBXVariantGroup section */

/* Begin XCBuildConfiguration section */
		8AC33AB02535C0A100009EA5 /* Debug */ = {
			isa = XCBuildConfiguration;
			buildSettings = {
				ALWAYS_SEARCH_USER_PATHS = NO;
				CLANG_ANALYZER_NONNULL = YES;
				CLANG_ANALYZER_NUMBER_OBJECT_CONVERSION = YES_AGGRESSIVE;
				CLANG_CXX_LANGUAGE_STANDARD = "gnu++14";
				CLANG_CXX_LIBRARY = "libc++";
				CLANG_ENABLE_MODULES = YES;
				CLANG_ENABLE_OBJC_ARC = YES;
				CLANG_ENABLE_OBJC_WEAK = YES;
				CLANG_WARN_BLOCK_CAPTURE_AUTORELEASING = YES;
				CLANG_WARN_BOOL_CONVERSION = YES;
				CLANG_WARN_COMMA = YES;
				CLANG_WARN_CONSTANT_CONVERSION = YES;
				CLANG_WARN_DEPRECATED_OBJC_IMPLEMENTATIONS = YES;
				CLANG_WARN_DIRECT_OBJC_ISA_USAGE = YES_ERROR;
				CLANG_WARN_DOCUMENTATION_COMMENTS = YES;
				CLANG_WARN_EMPTY_BODY = YES;
				CLANG_WARN_ENUM_CONVERSION = YES;
				CLANG_WARN_INFINITE_RECURSION = YES;
				CLANG_WARN_INT_CONVERSION = YES;
				CLANG_WARN_NON_LITERAL_NULL_CONVERSION = YES;
				CLANG_WARN_OBJC_IMPLICIT_RETAIN_SELF = YES;
				CLANG_WARN_OBJC_LITERAL_CONVERSION = YES;
				CLANG_WARN_OBJC_ROOT_CLASS = YES_ERROR;
				CLANG_WARN_QUOTED_INCLUDE_IN_FRAMEWORK_HEADER = YES;
				CLANG_WARN_RANGE_LOOP_ANALYSIS = YES;
				CLANG_WARN_STRICT_PROTOTYPES = YES;
				CLANG_WARN_SUSPICIOUS_MOVE = YES;
				CLANG_WARN_UNGUARDED_AVAILABILITY = YES_AGGRESSIVE;
				CLANG_WARN_UNREACHABLE_CODE = YES;
				CLANG_WARN__DUPLICATE_METHOD_MATCH = YES;
				COPY_PHASE_STRIP = NO;
				DEBUG_INFORMATION_FORMAT = dwarf;
				ENABLE_STRICT_OBJC_MSGSEND = YES;
				ENABLE_TESTABILITY = YES;
				GCC_C_LANGUAGE_STANDARD = gnu11;
				GCC_DYNAMIC_NO_PIC = NO;
				GCC_NO_COMMON_BLOCKS = YES;
				GCC_OPTIMIZATION_LEVEL = 0;
				GCC_PREPROCESSOR_DEFINITIONS = (
					"DEBUG=1",
					"$(inherited)",
				);
				GCC_WARN_64_TO_32_BIT_CONVERSION = YES;
				GCC_WARN_ABOUT_RETURN_TYPE = YES_ERROR;
				GCC_WARN_UNDECLARED_SELECTOR = YES;
				GCC_WARN_UNINITIALIZED_AUTOS = YES_AGGRESSIVE;
				GCC_WARN_UNUSED_FUNCTION = YES;
				GCC_WARN_UNUSED_VARIABLE = YES;
				IPHONEOS_DEPLOYMENT_TARGET = 13.0;
				MTL_ENABLE_DEBUG_INFO = INCLUDE_SOURCE;
				MTL_FAST_MATH = YES;
				ONLY_ACTIVE_ARCH = YES;
				SDKROOT = iphoneos;
				SWIFT_ACTIVE_COMPILATION_CONDITIONS = DEBUG;
				SWIFT_OPTIMIZATION_LEVEL = "-Onone";
			};
			name = Debug;
		};
		8AC33AB12535C0A100009EA5 /* Release */ = {
			isa = XCBuildConfiguration;
			buildSettings = {
				ALWAYS_SEARCH_USER_PATHS = NO;
				CLANG_ANALYZER_NONNULL = YES;
				CLANG_ANALYZER_NUMBER_OBJECT_CONVERSION = YES_AGGRESSIVE;
				CLANG_CXX_LANGUAGE_STANDARD = "gnu++14";
				CLANG_CXX_LIBRARY = "libc++";
				CLANG_ENABLE_MODULES = YES;
				CLANG_ENABLE_OBJC_ARC = YES;
				CLANG_ENABLE_OBJC_WEAK = YES;
				CLANG_WARN_BLOCK_CAPTURE_AUTORELEASING = YES;
				CLANG_WARN_BOOL_CONVERSION = YES;
				CLANG_WARN_COMMA = YES;
				CLANG_WARN_CONSTANT_CONVERSION = YES;
				CLANG_WARN_DEPRECATED_OBJC_IMPLEMENTATIONS = YES;
				CLANG_WARN_DIRECT_OBJC_ISA_USAGE = YES_ERROR;
				CLANG_WARN_DOCUMENTATION_COMMENTS = YES;
				CLANG_WARN_EMPTY_BODY = YES;
				CLANG_WARN_ENUM_CONVERSION = YES;
				CLANG_WARN_INFINITE_RECURSION = YES;
				CLANG_WARN_INT_CONVERSION = YES;
				CLANG_WARN_NON_LITERAL_NULL_CONVERSION = YES;
				CLANG_WARN_OBJC_IMPLICIT_RETAIN_SELF = YES;
				CLANG_WARN_OBJC_LITERAL_CONVERSION = YES;
				CLANG_WARN_OBJC_ROOT_CLASS = YES_ERROR;
				CLANG_WARN_QUOTED_INCLUDE_IN_FRAMEWORK_HEADER = YES;
				CLANG_WARN_RANGE_LOOP_ANALYSIS = YES;
				CLANG_WARN_STRICT_PROTOTYPES = YES;
				CLANG_WARN_SUSPICIOUS_MOVE = YES;
				CLANG_WARN_UNGUARDED_AVAILABILITY = YES_AGGRESSIVE;
				CLANG_WARN_UNREACHABLE_CODE = YES;
				CLANG_WARN__DUPLICATE_METHOD_MATCH = YES;
				COPY_PHASE_STRIP = NO;
				DEBUG_INFORMATION_FORMAT = "dwarf-with-dsym";
				ENABLE_NS_ASSERTIONS = NO;
				ENABLE_STRICT_OBJC_MSGSEND = YES;
				GCC_C_LANGUAGE_STANDARD = gnu11;
				GCC_NO_COMMON_BLOCKS = YES;
				GCC_WARN_64_TO_32_BIT_CONVERSION = YES;
				GCC_WARN_ABOUT_RETURN_TYPE = YES_ERROR;
				GCC_WARN_UNDECLARED_SELECTOR = YES;
				GCC_WARN_UNINITIALIZED_AUTOS = YES_AGGRESSIVE;
				GCC_WARN_UNUSED_FUNCTION = YES;
				GCC_WARN_UNUSED_VARIABLE = YES;
				IPHONEOS_DEPLOYMENT_TARGET = 13.0;
				MTL_ENABLE_DEBUG_INFO = NO;
				MTL_FAST_MATH = YES;
				SDKROOT = iphoneos;
				SWIFT_COMPILATION_MODE = wholemodule;
				SWIFT_OPTIMIZATION_LEVEL = "-O";
				VALIDATE_PRODUCT = YES;
			};
			name = Release;
		};
		8AC33AB32535C0A100009EA5 /* Debug */ = {
			isa = XCBuildConfiguration;
			buildSettings = {
				ASSETCATALOG_COMPILER_APPICON_NAME = AppIcon;
				CODE_SIGN_IDENTITY = "iPhone Developer";
				CODE_SIGN_STYLE = Manual;
				DEVELOPMENT_TEAM = G34KQT9TPD;
				INFOPLIST_FILE = "$(SRCROOT)/Example/Info.plist";
				IPHONEOS_DEPLOYMENT_TARGET = 13.0;
				LD_RUNPATH_SEARCH_PATHS = (
					"$(inherited)",
					"@executable_path/Frameworks",
				);
				PRODUCT_BUNDLE_IDENTIFIER = com.ios.ARSelectableView;
				PRODUCT_NAME = "$(TARGET_NAME)";
				PROVISIONING_PROFILE_SPECIFIER = "SA Star";
				SWIFT_VERSION = 5.0;
				TARGETED_DEVICE_FAMILY = "1,2";
			};
			name = Debug;
		};
		8AC33AB42535C0A100009EA5 /* Release */ = {
			isa = XCBuildConfiguration;
			buildSettings = {
				ASSETCATALOG_COMPILER_APPICON_NAME = AppIcon;
				CODE_SIGN_IDENTITY = "iPhone Developer";
				CODE_SIGN_STYLE = Manual;
				DEVELOPMENT_TEAM = G34KQT9TPD;
				INFOPLIST_FILE = "$(SRCROOT)/Example/Info.plist";
				IPHONEOS_DEPLOYMENT_TARGET = 13.0;
				LD_RUNPATH_SEARCH_PATHS = (
					"$(inherited)",
					"@executable_path/Frameworks",
				);
				PRODUCT_BUNDLE_IDENTIFIER = com.ios.ARSelectableView;
				PRODUCT_NAME = "$(TARGET_NAME)";
				PROVISIONING_PROFILE_SPECIFIER = "SA Star";
				SWIFT_VERSION = 5.0;
				TARGETED_DEVICE_FAMILY = "1,2";
			};
			name = Release;
		};
/* End XCBuildConfiguration section */

/* Begin XCConfigurationList section */
		8AC33A992535C09F00009EA5 /* Build configuration list for PBXProject "ARSelectableView" */ = {
			isa = XCConfigurationList;
			buildConfigurations = (
				8AC33AB02535C0A100009EA5 /* Debug */,
				8AC33AB12535C0A100009EA5 /* Release */,
			);
			defaultConfigurationIsVisible = 0;
			defaultConfigurationName = Release;
		};
		8AC33AB22535C0A100009EA5 /* Build configuration list for PBXNativeTarget "ARSelectableView" */ = {
			isa = XCConfigurationList;
			buildConfigurations = (
				8AC33AB32535C0A100009EA5 /* Debug */,
				8AC33AB42535C0A100009EA5 /* Release */,
			);
			defaultConfigurationIsVisible = 0;
			defaultConfigurationName = Release;
		};
/* End XCConfigurationList section */
	};
	rootObject = 8AC33A962535C09F00009EA5 /* Project object */;
}
